speakeasyVersion: 1.684.0
sources:
    my-source:
        sourceNamespace: my-source
        sourceRevisionDigest: sha256:674cfdd3e98489e023ae9a80ff8753f30d1b6f625d25bd11b9897875477a4392
        sourceBlobDigest: sha256:370cb4409748c4811372a81d94f1a84f60b538087c23f2cb24f72082bcc827f6
        tags:
            - latest
            - main
    plex-api:
        sourceNamespace: plex-api
        sourceRevisionDigest: sha256:289c5a73965c8fa779f32919d1353d0d275163982c0a0f5525ef4146c462a486
        sourceBlobDigest: sha256:f7e2709f52370dff16c1851a7a4e44a89f2e978e9cae335bffc10625950b3bd9
        tags:
            - latest
            - main
    plexapi:
        sourceNamespace: plexapi
        sourceRevisionDigest: sha256:c0729d95c8bc71a22a9ece6f1ef53d6ce6472bab91bc315205d1146de364a6e1
        sourceBlobDigest: sha256:a26f17e3699bbf0e245d7c7da22fb822f92ffed3e8a2c4485708c9c3fc27a2b5
        tags:
            - latest
            - speakeasy-sdk-regen-1768055939
            - 1.1.1
targets:
    plexcsharp:
        source: plexapi
        sourceNamespace: plexapi
        sourceRevisionDigest: sha256:c0729d95c8bc71a22a9ece6f1ef53d6ce6472bab91bc315205d1146de364a6e1
        sourceBlobDigest: sha256:a26f17e3699bbf0e245d7c7da22fb822f92ffed3e8a2c4485708c9c3fc27a2b5
        codeSamplesNamespace: code-samples-csharp-plexcsharp
        codeSamplesRevisionDigest: sha256:71fbca0c977511f2a62be5ebb7efde4334de61f3a69a224eb3a329f2b2df0e74
workflow:
    workflowVersion: 1.0.0
    speakeasyVersion: latest
    sources:
        plexapi:
            inputs:
                - location: https://raw.githubusercontent.com/LukeHagar/plex-api-spec/refs/heads/main/plex-api-spec.yaml
            registry:
                location: registry.speakeasyapi.dev/plexapi/plexapi/plexapi
    targets:
        plexcsharp:
            target: csharp
            source: plexapi
            publish:
                nuget:
                    apiKey: $nuget_api_key
            codeSamples:
                output: codeSamples.yaml
                registry:
                    location: registry.speakeasyapi.dev/plexapi/plexapi/code-samples-csharp-plexcsharp
                labelOverride:
                    fixedValue: PlexCSharp
